
Microsoft Visual Studio Solution File, Format Version 12.00
# Visual Studio Version 17
VisualStudioVersion = 17.12.35309.182
MinimumVisualStudioVersion = 10.0.40219.1
Project("{FAE04EC0-301F-11D3-BF4B-00C04F79EFBC}") = "ConsoleAppPartialProperty", "ConsoleAppPartialProperty.csproj", "{10545332-0758-4D6A-9F07-5C5CC25F769F}"
EndProject
Global
	GlobalSection(SolutionConfigurationPlatforms) = preSolution
		Debug|Any CPU = Debug|Any CPU
		Release|Any CPU = Release|Any CPU
	EndGlobalSection
	GlobalSection(ProjectConfigurationPlatforms) = postSolution
		{10545332-0758-4D6A-9F07-5C5CC25F769F}.Debug|Any CPU.ActiveCfg = Debug|Any CPU
		{10545332-0758-4D6A-9F07-5C5CC25F769F}.Debug|Any CPU.Build.0 = Debug|Any CPU
		{10545332-0758-4D6A-9F07-5C5CC25F769F}.Release|Any CPU.ActiveCfg = Release|Any CPU
		{10545332-0758-4D6A-9F07-5C5CC25F769F}.Release|Any CPU.Build.0 = Release|Any CPU
	EndGlobalSection
	GlobalSection(SolutionProperties) = preSolution
		HideSolutionNode = FALSE
	EndGlobalSection
	GlobalSection(ExtensibilityGlobals) = postSolution
		SolutionGuid = {9D1EF6C5-E91E-441B-B608-73E96F12AF42}
	EndGlobalSection
EndGlobal
